
Microsoft Visual Studio Solution File, Format Version 12.00
# Visual Studio 2012
Project("{FAE04EC0-301F-11D3-BF4B-00C04F79EFBC}") = "CapaDatos", "CapaDatos\CapaDatos.csproj", "{276BB1AD-EE6F-4AEE-BE7A-EDA3DDECF011}"
EndProject
Project("{FAE04EC0-301F-11D3-BF4B-00C04F79EFBC}") = "CapaNegocio", "CapaNegocio\CapaNegocio.csproj", "{A2158F1C-CE88-4417-9DBA-8C8CC1DE8147}"
EndProject
Project("{FAE04EC0-301F-11D3-BF4B-00C04F79EFBC}") = "CapaPresentacion", "CapaPresentacion\CapaPresentacion.csproj", "{264D06D5-4BCC-4A7A-86AA-1C1C1B1E00B7}"
EndProject
Global
	GlobalSection(SolutionConfigurationPlatforms) = preSolution
		Debug|Any CPU = Debug|Any CPU
		Release|Any CPU = Release|Any CPU
	EndGlobalSection
	GlobalSection(ProjectConfigurationPlatforms) = postSolution
		{276BB1AD-EE6F-4AEE-BE7A-EDA3DDECF011}.Debug|Any CPU.ActiveCfg = Debug|Any CPU
		{276BB1AD-EE6F-4AEE-BE7A-EDA3DDECF011}.Debug|Any CPU.Build.0 = Debug|Any CPU
		{276BB1AD-EE6F-4AEE-BE7A-EDA3DDECF011}.Release|Any CPU.ActiveCfg = Release|Any CPU
		{276BB1AD-EE6F-4AEE-BE7A-EDA3DDECF011}.Release|Any CPU.Build.0 = Release|Any CPU
		{A2158F1C-CE88-4417-9DBA-8C8CC1DE8147}.Debug|Any CPU.ActiveCfg = Debug|Any CPU
		{A2158F1C-CE88-4417-9DBA-8C8CC1DE8147}.Debug|Any CPU.Build.0 = Debug|Any CPU
		{A2158F1C-CE88-4417-9DBA-8C8CC1DE8147}.Release|Any CPU.ActiveCfg = Release|Any CPU
		{A2158F1C-CE88-4417-9DBA-8C8CC1DE8147}.Release|Any CPU.Build.0 = Release|Any CPU
		{264D06D5-4BCC-4A7A-86AA-1C1C1B1E00B7}.Debug|Any CPU.ActiveCfg = Debug|Any CPU
		{264D06D5-4BCC-4A7A-86AA-1C1C1B1E00B7}.Debug|Any CPU.Build.0 = Debug|Any CPU
		{264D06D5-4BCC-4A7A-86AA-1C1C1B1E00B7}.Release|Any CPU.ActiveCfg = Release|Any CPU
		{264D06D5-4BCC-4A7A-86AA-1C1C1B1E00B7}.Release|Any CPU.Build.0 = Release|Any CPU
	EndGlobalSection
	GlobalSection(SolutionProperties) = preSolution
		HideSolutionNode = FALSE
	EndGlobalSection
EndGlobal
